
Microsoft Visual Studio Solution File, Format Version 12.00
# Visual Studio Version 16
VisualStudioVersion = 16.0.29209.62
MinimumVisualStudioVersion = 10.0.40219.1
Project("{FAE04EC0-301F-11D3-BF4B-00C04F79EFBC}") = "iPorfolio", "iPorfolio\iPorfolio.csproj", "{8397A9A7-AA1B-4FF4-90DD-C9790DE34ABE}"
EndProject
Project("{FAE04EC0-301F-11D3-BF4B-00C04F79EFBC}") = "Models", "Models\Models.csproj", "{68CFED31-89E2-4F11-BB37-DC63586F5516}"
EndProject
Project("{FAE04EC0-301F-11D3-BF4B-00C04F79EFBC}") = "Controllers", "Controllers\Controllers.csproj", "{B0876CFB-2D70-43C4-89BA-7A0A4F326B87}"
EndProject
Project("{FAE04EC0-301F-11D3-BF4B-00C04F79EFBC}") = "Common", "Common\Common.csproj", "{82F19E91-7CD9-4700-8BE9-004A464F6CE6}"
EndProject
Project("{FAE04EC0-301F-11D3-BF4B-00C04F79EFBC}") = "DAL", "DAL\DAL.csproj", "{48FB3F22-D52A-4403-8548-B14DE220BDE6}"
EndProject
Project("{FAE04EC0-301F-11D3-BF4B-00C04F79EFBC}") = "TDD", "TDD\TDD.csproj", "{5C9148D8-B3D7-4CF1-BE18-5B70CDAB36CC}"
EndProject
Global
	GlobalSection(SolutionConfigurationPlatforms) = preSolution
		Debug|Any CPU = Debug|Any CPU
		Release|Any CPU = Release|Any CPU
	EndGlobalSection
	GlobalSection(ProjectConfigurationPlatforms) = postSolution
		{8397A9A7-AA1B-4FF4-90DD-C9790DE34ABE}.Debug|Any CPU.ActiveCfg = Debug|Any CPU
		{8397A9A7-AA1B-4FF4-90DD-C9790DE34ABE}.Debug|Any CPU.Build.0 = Debug|Any CPU
		{8397A9A7-AA1B-4FF4-90DD-C9790DE34ABE}.Release|Any CPU.ActiveCfg = Release|Any CPU
		{8397A9A7-AA1B-4FF4-90DD-C9790DE34ABE}.Release|Any CPU.Build.0 = Release|Any CPU
		{68CFED31-89E2-4F11-BB37-DC63586F5516}.Debug|Any CPU.ActiveCfg = Debug|Any CPU
		{68CFED31-89E2-4F11-BB37-DC63586F5516}.Debug|Any CPU.Build.0 = Debug|Any CPU
		{68CFED31-89E2-4F11-BB37-DC63586F5516}.Release|Any CPU.ActiveCfg = Release|Any CPU
		{68CFED31-89E2-4F11-BB37-DC63586F5516}.Release|Any CPU.Build.0 = Release|Any CPU
		{B0876CFB-2D70-43C4-89BA-7A0A4F326B87}.Debug|Any CPU.ActiveCfg = Debug|Any CPU
		{B0876CFB-2D70-43C4-89BA-7A0A4F326B87}.Debug|Any CPU.Build.0 = Debug|Any CPU
		{B0876CFB-2D70-43C4-89BA-7A0A4F326B87}.Release|Any CPU.ActiveCfg = Release|Any CPU
		{B0876CFB-2D70-43C4-89BA-7A0A4F326B87}.Release|Any CPU.Build.0 = Release|Any CPU
		{82F19E91-7CD9-4700-8BE9-004A464F6CE6}.Debug|Any CPU.ActiveCfg = Debug|Any CPU
		{82F19E91-7CD9-4700-8BE9-004A464F6CE6}.Debug|Any CPU.Build.0 = Debug|Any CPU
		{82F19E91-7CD9-4700-8BE9-004A464F6CE6}.Release|Any CPU.ActiveCfg = Release|Any CPU
		{82F19E91-7CD9-4700-8BE9-004A464F6CE6}.Release|Any CPU.Build.0 = Release|Any CPU
		{48FB3F22-D52A-4403-8548-B14DE220BDE6}.Debug|Any CPU.ActiveCfg = Debug|Any CPU
		{48FB3F22-D52A-4403-8548-B14DE220BDE6}.Debug|Any CPU.Build.0 = Debug|Any CPU
		{48FB3F22-D52A-4403-8548-B14DE220BDE6}.Release|Any CPU.ActiveCfg = Release|Any CPU
		{48FB3F22-D52A-4403-8548-B14DE220BDE6}.Release|Any CPU.Build.0 = Release|Any CPU
		{5C9148D8-B3D7-4CF1-BE18-5B70CDAB36CC}.Debug|Any CPU.ActiveCfg = Debug|Any CPU
		{5C9148D8-B3D7-4CF1-BE18-5B70CDAB36CC}.Debug|Any CPU.Build.0 = Debug|Any CPU
		{5C9148D8-B3D7-4CF1-BE18-5B70CDAB36CC}.Release|Any CPU.ActiveCfg = Release|Any CPU
		{5C9148D8-B3D7-4CF1-BE18-5B70CDAB36CC}.Release|Any CPU.Build.0 = Release|Any CPU
	EndGlobalSection
	GlobalSection(SolutionProperties) = preSolution
		HideSolutionNode = FALSE
	EndGlobalSection
	GlobalSection(ExtensibilityGlobals) = postSolution
		SolutionGuid = {7B140888-323A-4EFF-8131-1BB167B10794}
	EndGlobalSection
EndGlobal
